Microsoft Visual Studio Solution File, Format Version 12.00
# Visual Studio Version 17
VisualStudioVersion = 17.5.2.0
MinimumVisualStudioVersion = 10.0.40219.1
Project("{2150E333-8FDC-42A3-9474-1A3956D46DE8}") = "Preshutdown_Sentinel", "Preshutdown_Sentinel", "{F79ED6E6-0EEF-04E4-C9C7-CBB00143A5EC}"
EndProject
Project("{2150E333-8FDC-42A3-9474-1A3956D46DE8}") = "src", "src", "{608F72E2-8761-BB27-6BED-D9132578F4BE}"
EndProject
Project("{FAE04EC0-301F-11D3-BF4B-00C04F79EFBC}") = "vmguard-preshutdown-sentinel", "Preshutdown_Sentinel\src\vmguard-preshutdown-sentinel.csproj", "{C143CEF7-3672-6CDA-472A-9E6E7D3D62F0}"
EndProject
Global
	GlobalSection(SolutionConfigurationPlatforms) = preSolution
		Debug|Any CPU = Debug|Any CPU
		Release|Any CPU = Release|Any CPU
	EndGlobalSection
	GlobalSection(ProjectConfigurationPlatforms) = postSolution
		{C143CEF7-3672-6CDA-472A-9E6E7D3D62F0}.Debug|Any CPU.ActiveCfg = Debug|Any CPU
		{C143CEF7-3672-6CDA-472A-9E6E7D3D62F0}.Debug|Any CPU.Build.0 = Debug|Any CPU
		{C143CEF7-3672-6CDA-472A-9E6E7D3D62F0}.Release|Any CPU.ActiveCfg = Release|Any CPU
		{C143CEF7-3672-6CDA-472A-9E6E7D3D62F0}.Release|Any CPU.Build.0 = Release|Any CPU
	EndGlobalSection
	GlobalSection(SolutionProperties) = preSolution
		HideSolutionNode = FALSE
	EndGlobalSection
	GlobalSection(NestedProjects) = preSolution
		{608F72E2-8761-BB27-6BED-D9132578F4BE} = {F79ED6E6-0EEF-04E4-C9C7-CBB00143A5EC}
		{C143CEF7-3672-6CDA-472A-9E6E7D3D62F0} = {608F72E2-8761-BB27-6BED-D9132578F4BE}
	EndGlobalSection
	GlobalSection(ExtensibilityGlobals) = postSolution
		SolutionGuid = {259390D5-D427-4209-9633-254266B0C8CE}
	EndGlobalSection
EndGlobal
